
Microsoft Visual Studio Solution File, Format Version 12.00
# Visual Studio Version 17
VisualStudioVersion = 17.7.34031.279
MinimumVisualStudioVersion = 10.0.40219.1
Project("{888888A0-9F3D-457C-B088-3A5042F75D52}") = "Guessing Game", "Guessing Game.pyproj", "{A6322F76-5186-4F5C-AAB8-72E3D33A9BFF}"
EndProject
Global
	GlobalSection(SolutionConfigurationPlatforms) = preSolution
		Debug|Any CPU = Debug|Any CPU
		Release|Any CPU = Release|Any CPU
	EndGlobalSection
	GlobalSection(ProjectConfigurationPlatforms) = postSolution
		{A6322F76-5186-4F5C-AAB8-72E3D33A9BFF}.Debug|Any CPU.ActiveCfg = Debug|Any CPU
		{A6322F76-5186-4F5C-AAB8-72E3D33A9BFF}.Release|Any CPU.ActiveCfg = Release|Any CPU
	EndGlobalSection
	GlobalSection(SolutionProperties) = preSolution
		HideSolutionNode = FALSE
	EndGlobalSection
	GlobalSection(ExtensibilityGlobals) = postSolution
		SolutionGuid = {1642E7DF-CC13-441B-A36D-9C204EBF0440}
	EndGlobalSection
EndGlobal
